
Microsoft Visual Studio Solution File, Format Version 12.00
# Visual Studio Version 17
VisualStudioVersion = 17.1.32328.378
MinimumVisualStudioVersion = 10.0.40219.1
Project("{FAE04EC0-301F-11D3-BF4B-00C04F79EFBC}") = "AsEnumrable_Method", "AsEnumrable_Method\AsEnumrable_Method.csproj", "{80794BC1-EADC-4F0B-8333-06B4E629F07A}"
EndProject
Global
	GlobalSection(SolutionConfigurationPlatforms) = preSolution
		Debug|Any CPU = Debug|Any CPU
		Release|Any CPU = Release|Any CPU
	EndGlobalSection
	GlobalSection(ProjectConfigurationPlatforms) = postSolution
		{80794BC1-EADC-4F0B-8333-06B4E629F07A}.Debug|Any CPU.ActiveCfg = Debug|Any CPU
		{80794BC1-EADC-4F0B-8333-06B4E629F07A}.Debug|Any CPU.Build.0 = Debug|Any CPU
		{80794BC1-EADC-4F0B-8333-06B4E629F07A}.Release|Any CPU.ActiveCfg = Release|Any CPU
		{80794BC1-EADC-4F0B-8333-06B4E629F07A}.Release|Any CPU.Build.0 = Release|Any CPU
	EndGlobalSection
	GlobalSection(SolutionProperties) = preSolution
		HideSolutionNode = FALSE
	EndGlobalSection
	GlobalSection(ExtensibilityGlobals) = postSolution
		SolutionGuid = {7762FF83-2591-49C5-A96A-F736F6370571}
	EndGlobalSection
EndGlobal
