
Microsoft Visual Studio Solution File, Format Version 12.00
# Visual Studio Version 16
VisualStudioVersion = 16.0.32630.194
MinimumVisualStudioVersion = 10.0.40219.1
Project("{FAE04EC0-301F-11D3-BF4B-00C04F79EFBC}") = "LINQ_Max_Function", "LINQ_Max_Function\LINQ_Max_Function.csproj", "{DA69C682-5727-46DE-B385-AD9220E77DC9}"
EndProject
Global
	GlobalSection(SolutionConfigurationPlatforms) = preSolution
		Debug|Any CPU = Debug|Any CPU
		Release|Any CPU = Release|Any CPU
	EndGlobalSection
	GlobalSection(ProjectConfigurationPlatforms) = postSolution
		{DA69C682-5727-46DE-B385-AD9220E77DC9}.Debug|Any CPU.ActiveCfg = Debug|Any CPU
		{DA69C682-5727-46DE-B385-AD9220E77DC9}.Debug|Any CPU.Build.0 = Debug|Any CPU
		{DA69C682-5727-46DE-B385-AD9220E77DC9}.Release|Any CPU.ActiveCfg = Release|Any CPU
		{DA69C682-5727-46DE-B385-AD9220E77DC9}.Release|Any CPU.Build.0 = Release|Any CPU
	EndGlobalSection
	GlobalSection(SolutionProperties) = preSolution
		HideSolutionNode = FALSE
	EndGlobalSection
	GlobalSection(ExtensibilityGlobals) = postSolution
		SolutionGuid = {9B3DEC80-C92A-4D12-898B-D325AA1CC648}
	EndGlobalSection
EndGlobal
