
Microsoft Visual Studio Solution File, Format Version 12.00
# Visual Studio Version 17
VisualStudioVersion = 17.1.32328.378
MinimumVisualStudioVersion = 10.0.40219.1
Project("{FAE04EC0-301F-11D3-BF4B-00C04F79EFBC}") = "Cast_Method", "Cast_Method\Cast_Method.csproj", "{969FF8DC-B375-441F-9B32-0E7F6705E1AD}"
EndProject
Global
	GlobalSection(SolutionConfigurationPlatforms) = preSolution
		Debug|Any CPU = Debug|Any CPU
		Release|Any CPU = Release|Any CPU
	EndGlobalSection
	GlobalSection(ProjectConfigurationPlatforms) = postSolution
		{969FF8DC-B375-441F-9B32-0E7F6705E1AD}.Debug|Any CPU.ActiveCfg = Debug|Any CPU
		{969FF8DC-B375-441F-9B32-0E7F6705E1AD}.Debug|Any CPU.Build.0 = Debug|Any CPU
		{969FF8DC-B375-441F-9B32-0E7F6705E1AD}.Release|Any CPU.ActiveCfg = Release|Any CPU
		{969FF8DC-B375-441F-9B32-0E7F6705E1AD}.Release|Any CPU.Build.0 = Release|Any CPU
	EndGlobalSection
	GlobalSection(SolutionProperties) = preSolution
		HideSolutionNode = FALSE
	EndGlobalSection
	GlobalSection(ExtensibilityGlobals) = postSolution
		SolutionGuid = {1F34DFE6-4FF7-4A06-A0D2-0497DCE8ECEB}
	EndGlobalSection
EndGlobal
