
Microsoft Visual Studio Solution File, Format Version 12.00
# Visual Studio Version 16
VisualStudioVersion = 16.0.32630.194
MinimumVisualStudioVersion = 10.0.40219.1
Project("{FAE04EC0-301F-11D3-BF4B-00C04F79EFBC}") = "LINQ_ThenBy_Descending_Operator", "LINQ_ThenBy_Descending_Operator\LINQ_ThenBy_Descending_Operator.csproj", "{B185F588-372A-4359-AAF5-9B2288B4A0A7}"
EndProject
Global
	GlobalSection(SolutionConfigurationPlatforms) = preSolution
		Debug|Any CPU = Debug|Any CPU
		Release|Any CPU = Release|Any CPU
	EndGlobalSection
	GlobalSection(ProjectConfigurationPlatforms) = postSolution
		{B185F588-372A-4359-AAF5-9B2288B4A0A7}.Debug|Any CPU.ActiveCfg = Debug|Any CPU
		{B185F588-372A-4359-AAF5-9B2288B4A0A7}.Debug|Any CPU.Build.0 = Debug|Any CPU
		{B185F588-372A-4359-AAF5-9B2288B4A0A7}.Release|Any CPU.ActiveCfg = Release|Any CPU
		{B185F588-372A-4359-AAF5-9B2288B4A0A7}.Release|Any CPU.Build.0 = Release|Any CPU
	EndGlobalSection
	GlobalSection(SolutionProperties) = preSolution
		HideSolutionNode = FALSE
	EndGlobalSection
	GlobalSection(ExtensibilityGlobals) = postSolution
		SolutionGuid = {7B09A0F8-569E-437A-849F-24664B51B6DB}
	EndGlobalSection
EndGlobal
