
Microsoft Visual Studio Solution File, Format Version 12.00
# Visual Studio Version 17
VisualStudioVersion = 17.1.32328.378
MinimumVisualStudioVersion = 10.0.40219.1
Project("{FAE04EC0-301F-11D3-BF4B-00C04F79EFBC}") = "SKIP_OPERATOR", "SKIP_OPERATOR\SKIP_OPERATOR.csproj", "{1C1B7095-06D6-4521-A3BF-8D7C16479A9F}"
EndProject
Global
	GlobalSection(SolutionConfigurationPlatforms) = preSolution
		Debug|Any CPU = Debug|Any CPU
		Release|Any CPU = Release|Any CPU
	EndGlobalSection
	GlobalSection(ProjectConfigurationPlatforms) = postSolution
		{1C1B7095-06D6-4521-A3BF-8D7C16479A9F}.Debug|Any CPU.ActiveCfg = Debug|Any CPU
		{1C1B7095-06D6-4521-A3BF-8D7C16479A9F}.Debug|Any CPU.Build.0 = Debug|Any CPU
		{1C1B7095-06D6-4521-A3BF-8D7C16479A9F}.Release|Any CPU.ActiveCfg = Release|Any CPU
		{1C1B7095-06D6-4521-A3BF-8D7C16479A9F}.Release|Any CPU.Build.0 = Release|Any CPU
	EndGlobalSection
	GlobalSection(SolutionProperties) = preSolution
		HideSolutionNode = FALSE
	EndGlobalSection
	GlobalSection(ExtensibilityGlobals) = postSolution
		SolutionGuid = {FDCBA8B8-64DC-4072-B5CF-97E077B78768}
	EndGlobalSection
EndGlobal
