
Microsoft Visual Studio Solution File, Format Version 12.00
# Visual Studio Version 16
VisualStudioVersion = 16.0.32630.194
MinimumVisualStudioVersion = 10.0.40219.1
Project("{FAE04EC0-301F-11D3-BF4B-00C04F79EFBC}") = "LINQ_Aggregate_Function", "LINQ_Aggregate_Function\LINQ_Aggregate_Function.csproj", "{AA3D038B-C071-4058-9283-31FB5E812BB5}"
EndProject
Global
	GlobalSection(SolutionConfigurationPlatforms) = preSolution
		Debug|Any CPU = Debug|Any CPU
		Release|Any CPU = Release|Any CPU
	EndGlobalSection
	GlobalSection(ProjectConfigurationPlatforms) = postSolution
		{AA3D038B-C071-4058-9283-31FB5E812BB5}.Debug|Any CPU.ActiveCfg = Debug|Any CPU
		{AA3D038B-C071-4058-9283-31FB5E812BB5}.Debug|Any CPU.Build.0 = Debug|Any CPU
		{AA3D038B-C071-4058-9283-31FB5E812BB5}.Release|Any CPU.ActiveCfg = Release|Any CPU
		{AA3D038B-C071-4058-9283-31FB5E812BB5}.Release|Any CPU.Build.0 = Release|Any CPU
	EndGlobalSection
	GlobalSection(SolutionProperties) = preSolution
		HideSolutionNode = FALSE
	EndGlobalSection
	GlobalSection(ExtensibilityGlobals) = postSolution
		SolutionGuid = {8AF04B38-CEE3-4B2F-AE78-B54F93AB4865}
	EndGlobalSection
EndGlobal
