
Microsoft Visual Studio Solution File, Format Version 12.00
# Visual Studio Version 16
VisualStudioVersion = 16.0.32630.194
MinimumVisualStudioVersion = 10.0.40219.1
Project("{FAE04EC0-301F-11D3-BF4B-00C04F79EFBC}") = "LINQ_Syntax", "LINQ_Syntax\LINQ_Syntax.csproj", "{5ABCD6F8-5393-4267-8CBB-F3FCDF3BBD25}"
EndProject
Global
	GlobalSection(SolutionConfigurationPlatforms) = preSolution
		Debug|Any CPU = Debug|Any CPU
		Release|Any CPU = Release|Any CPU
	EndGlobalSection
	GlobalSection(ProjectConfigurationPlatforms) = postSolution
		{5ABCD6F8-5393-4267-8CBB-F3FCDF3BBD25}.Debug|Any CPU.ActiveCfg = Debug|Any CPU
		{5ABCD6F8-5393-4267-8CBB-F3FCDF3BBD25}.Debug|Any CPU.Build.0 = Debug|Any CPU
		{5ABCD6F8-5393-4267-8CBB-F3FCDF3BBD25}.Release|Any CPU.ActiveCfg = Release|Any CPU
		{5ABCD6F8-5393-4267-8CBB-F3FCDF3BBD25}.Release|Any CPU.Build.0 = Release|Any CPU
	EndGlobalSection
	GlobalSection(SolutionProperties) = preSolution
		HideSolutionNode = FALSE
	EndGlobalSection
	GlobalSection(ExtensibilityGlobals) = postSolution
		SolutionGuid = {4F2ED393-619F-4FE5-A2A3-2CAE0E734A8E}
	EndGlobalSection
EndGlobal
