
Microsoft Visual Studio Solution File, Format Version 12.00
# Visual Studio Version 17
VisualStudioVersion = 17.1.32328.378
MinimumVisualStudioVersion = 10.0.40219.1
Project("{FAE04EC0-301F-11D3-BF4B-00C04F79EFBC}") = "Single_Method", "Single_Method\Single_Method.csproj", "{9E04BDE6-1AC8-4900-AAAC-6FEAD4546728}"
EndProject
Global
	GlobalSection(SolutionConfigurationPlatforms) = preSolution
		Debug|Any CPU = Debug|Any CPU
		Release|Any CPU = Release|Any CPU
	EndGlobalSection
	GlobalSection(ProjectConfigurationPlatforms) = postSolution
		{9E04BDE6-1AC8-4900-AAAC-6FEAD4546728}.Debug|Any CPU.ActiveCfg = Debug|Any CPU
		{9E04BDE6-1AC8-4900-AAAC-6FEAD4546728}.Debug|Any CPU.Build.0 = Debug|Any CPU
		{9E04BDE6-1AC8-4900-AAAC-6FEAD4546728}.Release|Any CPU.ActiveCfg = Release|Any CPU
		{9E04BDE6-1AC8-4900-AAAC-6FEAD4546728}.Release|Any CPU.Build.0 = Release|Any CPU
	EndGlobalSection
	GlobalSection(SolutionProperties) = preSolution
		HideSolutionNode = FALSE
	EndGlobalSection
	GlobalSection(ExtensibilityGlobals) = postSolution
		SolutionGuid = {2CBB2F5E-8566-49F1-9527-8EC477E6CCB6}
	EndGlobalSection
EndGlobal
