
Microsoft Visual Studio Solution File, Format Version 12.00
# Visual Studio Version 16
VisualStudioVersion = 16.0.32630.194
MinimumVisualStudioVersion = 10.0.40219.1
Project("{FAE04EC0-301F-11D3-BF4B-00C04F79EFBC}") = "LINQ_Count_function", "LINQ_Count_function\LINQ_Count_function.csproj", "{ADE0B2A9-5C54-499D-8D58-17262F1FD16A}"
EndProject
Global
	GlobalSection(SolutionConfigurationPlatforms) = preSolution
		Debug|Any CPU = Debug|Any CPU
		Release|Any CPU = Release|Any CPU
	EndGlobalSection
	GlobalSection(ProjectConfigurationPlatforms) = postSolution
		{ADE0B2A9-5C54-499D-8D58-17262F1FD16A}.Debug|Any CPU.ActiveCfg = Debug|Any CPU
		{ADE0B2A9-5C54-499D-8D58-17262F1FD16A}.Debug|Any CPU.Build.0 = Debug|Any CPU
		{ADE0B2A9-5C54-499D-8D58-17262F1FD16A}.Release|Any CPU.ActiveCfg = Release|Any CPU
		{ADE0B2A9-5C54-499D-8D58-17262F1FD16A}.Release|Any CPU.Build.0 = Release|Any CPU
	EndGlobalSection
	GlobalSection(SolutionProperties) = preSolution
		HideSolutionNode = FALSE
	EndGlobalSection
	GlobalSection(ExtensibilityGlobals) = postSolution
		SolutionGuid = {A8BAF045-7AE6-4FC8-8C3F-4F3D809DC5E5}
	EndGlobalSection
EndGlobal
